// !$*UTF8*$!
{
	archiveVersion = 1;
	classes = {
	};
	objectVersion = 46;
	objects = {

/* Begin PBXBuildFile section */
		0091D8F90E81B9330029341E /* OpenGL.framework in Frameworks */ = {isa = PBXBuildFile; fileRef = 0091D8F80E81B9330029341E /* OpenGL.framework */; };
		0097E3E50F3E9819005A4392 /* QuickTime.framework in Frameworks */ = {isa = PBXBuildFile; fileRef = 0097E3E40F3E9819005A4392 /* QuickTime.framework */; };
		00B784B30FF439BC000DE1D7 /* Accelerate.framework in Frameworks */ = {isa = PBXBuildFile; fileRef = 00B784AF0FF439BC000DE1D7 /* Accelerate.framework */; };
		00B784B40FF439BC000DE1D7 /* AudioToolbox.framework in Frameworks */ = {isa = PBXBuildFile; fileRef = 00B784B00FF439BC000DE1D7 /* AudioToolbox.framework */; };
		00B784B50FF439BC000DE1D7 /* AudioUnit.framework in Frameworks */ = {isa = PBXBuildFile; fileRef = 00B784B10FF439BC000DE1D7 /* AudioUnit.framework */; };
		00B784B60FF439BC000DE1D7 /* CoreAudio.framework in Frameworks */ = {isa = PBXBuildFile; fileRef = 00B784B20FF439BC000DE1D7 /* CoreAudio.framework */; };
		00BAE65A0E7ED9C10018A608 /* ForelleVisualAppApp.cpp in Sources */ = {isa = PBXBuildFile; fileRef = 00BAE6590E7ED9C10018A608 /* ForelleVisualAppApp.cpp */; };
		0D0BA3AA14A263FC001B0C7F /* logo.png in Resources */ = {isa = PBXBuildFile; fileRef = 0D0BA3A914A263FC001B0C7F /* logo.png */; };
		0D4C438714A24F2B00990A78 /* CinderApp.icns in Resources */ = {isa = PBXBuildFile; fileRef = 0D4C438614A24F2B00990A78 /* CinderApp.icns */; };
		0D635A46148D7A3500A6C859 /* Syphon.framework in CopyFiles */ = {isa = PBXBuildFile; fileRef = 0D635A45148D7A3500A6C859 /* Syphon.framework */; };
		0D90A883148D605700330454 /* Syphon.framework in Frameworks */ = {isa = PBXBuildFile; fileRef = 0D90A87A148D605700330454 /* Syphon.framework */; };
		0D90A884148D605700330454 /* SyphonNameboundClient.m in Sources */ = {isa = PBXBuildFile; fileRef = 0D90A87C148D605700330454 /* SyphonNameboundClient.m */; };
		0D90A885148D605700330454 /* syphonClient.mm in Sources */ = {isa = PBXBuildFile; fileRef = 0D90A880148D605700330454 /* syphonClient.mm */; };
		0D90A886148D605700330454 /* syphonServer.mm in Sources */ = {isa = PBXBuildFile; fileRef = 0D90A882148D605700330454 /* syphonServer.mm */; };
		5323E6B20EAFCA74003A9687 /* CoreVideo.framework in Frameworks */ = {isa = PBXBuildFile; fileRef = 5323E6B10EAFCA74003A9687 /* CoreVideo.framework */; };
		5323E6B60EAFCA7E003A9687 /* QTKit.framework in Frameworks */ = {isa = PBXBuildFile; fileRef = 5323E6B50EAFCA7E003A9687 /* QTKit.framework */; };
		53E3CDFC0E86099300238D2B /* Carbon.framework in Frameworks */ = {isa = PBXBuildFile; fileRef = 53E3CDFB0E86099300238D2B /* Carbon.framework */; };
		8D11072F0486CEB800E47090 /* Cocoa.framework in Frameworks */ = {isa = PBXBuildFile; fileRef = 1058C7A1FEA54F0111CA2CBB /* Cocoa.framework */; };
		FF1B06D0148FBCE1004FCAD6 /* ClusterBar.cpp in Sources */ = {isa = PBXBuildFile; fileRef = FF1B06CF148FBCE1004FCAD6 /* ClusterBar.cpp */; };
		FF32AFFA14891FF4009FDD2A /* InvalidValueException.cpp in Sources */ = {isa = PBXBuildFile; fileRef = FF32AFF914891FF4009FDD2A /* InvalidValueException.cpp */; };
		FF32AFFE14893787009FDD2A /* InvalidSourceException.cpp in Sources */ = {isa = PBXBuildFile; fileRef = FF32AFFD14893787009FDD2A /* InvalidSourceException.cpp */; };
		FF5E6AAB1487EE84004EC6F0 /* XmlParser.cpp in Sources */ = {isa = PBXBuildFile; fileRef = FF5E6AAA1487EE84004EC6F0 /* XmlParser.cpp */; };
		FF66AE381487C5D400A47EBC /* LightChannel.cpp in Sources */ = {isa = PBXBuildFile; fileRef = FF66AE371487C5D400A47EBC /* LightChannel.cpp */; };
		FF823D79148B9347004EA6BF /* Controller.cpp in Sources */ = {isa = PBXBuildFile; fileRef = FF823D78148B9347004EA6BF /* Controller.cpp */; };
		FFAA12631486A64E00B81814 /* artnet.Plo in Resources */ = {isa = PBXBuildFile; fileRef = FFAA12501486A64E00B81814 /* artnet.Plo */; };
		FFAA12641486A64E00B81814 /* misc.Plo in Resources */ = {isa = PBXBuildFile; fileRef = FFAA12511486A64E00B81814 /* misc.Plo */; };
		FFAA12651486A64E00B81814 /* network.Plo in Resources */ = {isa = PBXBuildFile; fileRef = FFAA12521486A64E00B81814 /* network.Plo */; };
		FFAA12661486A64E00B81814 /* receive.Plo in Resources */ = {isa = PBXBuildFile; fileRef = FFAA12531486A64E00B81814 /* receive.Plo */; };
		FFAA12671486A64E00B81814 /* tod.Plo in Resources */ = {isa = PBXBuildFile; fileRef = FFAA12541486A64E00B81814 /* tod.Plo */; };
		FFAA12681486A64E00B81814 /* transmit.Plo in Resources */ = {isa = PBXBuildFile; fileRef = FFAA12551486A64E00B81814 /* transmit.Plo */; };
		FFAA12691486A64E00B81814 /* artnet.c in Sources */ = {isa = PBXBuildFile; fileRef = FFAA12561486A64E00B81814 /* artnet.c */; };
		FFAA126A1486A64E00B81814 /* misc.c in Sources */ = {isa = PBXBuildFile; fileRef = FFAA125A1486A64E00B81814 /* misc.c */; };
		FFAA126B1486A64E00B81814 /* network.c in Sources */ = {isa = PBXBuildFile; fileRef = FFAA125C1486A64E00B81814 /* network.c */; };
		FFAA126C1486A64E00B81814 /* receive.c in Sources */ = {isa = PBXBuildFile; fileRef = FFAA125F1486A64E00B81814 /* receive.c */; };
		FFAA126D1486A64E00B81814 /* tod.c in Sources */ = {isa = PBXBuildFile; fileRef = FFAA12601486A64E00B81814 /* tod.c */; };
		FFAA126E1486A64E00B81814 /* transmit.c in Sources */ = {isa = PBXBuildFile; fileRef = FFAA12621486A64E00B81814 /* transmit.c */; };
		FFAA12711486A87100B81814 /* CinderArtnet.cpp in Sources */ = {isa = PBXBuildFile; fileRef = FFAA12701486A87100B81814 /* CinderArtnet.cpp */; };
		FFB89F2514865D590029BF84 /* Cluster.cpp in Sources */ = {isa = PBXBuildFile; fileRef = FFB89F2214865D590029BF84 /* Cluster.cpp */; };
		FFB89F2614865D590029BF84 /* Group.cpp in Sources */ = {isa = PBXBuildFile; fileRef = FFB89F2314865D590029BF84 /* Group.cpp */; };
		FFB89F2714865D590029BF84 /* Light.cpp in Sources */ = {isa = PBXBuildFile; fileRef = FFB89F2414865D590029BF84 /* Light.cpp */; };
		FFE86ACF148FDD69007D96F5 /* SClient.cpp in Sources */ = {isa = PBXBuildFile; fileRef = FFE86ACE148FDD69007D96F5 /* SClient.cpp */; };
/* End PBXBuildFile section */

/* Begin PBXCopyFilesBuildPhase section */
		FFA59090148BF1A500BAE87B /* CopyFiles */ = {
			isa = PBXCopyFilesBuildPhase;
			buildActionMask = 2147483647;
			dstPath = "";
			dstSubfolderSpec = 10;
			files = (
				0D635A46148D7A3500A6C859 /* Syphon.framework in CopyFiles */,
			);
			runOnlyForDeploymentPostprocessing = 0;
		};
/* End PBXCopyFilesBuildPhase section */

/* Begin PBXFileReference section */
		0091D8F80E81B9330029341E /* OpenGL.framework */ = {isa = PBXFileReference; lastKnownFileType = wrapper.framework; name = OpenGL.framework; path = /System/Library/Frameworks/OpenGL.framework; sourceTree = "<absolute>"; };
		0097E3E40F3E9819005A4392 /* QuickTime.framework */ = {isa = PBXFileReference; lastKnownFileType = wrapper.framework; name = QuickTime.framework; path = /System/Library/Frameworks/QuickTime.framework; sourceTree = "<absolute>"; };
		00B784AF0FF439BC000DE1D7 /* Accelerate.framework */ = {isa = PBXFileReference; lastKnownFileType = wrapper.framework; name = Accelerate.framework; path = System/Library/Frameworks/Accelerate.framework; sourceTree = SDKROOT; };
		00B784B00FF439BC000DE1D7 /* AudioToolbox.framework */ = {isa = PBXFileReference; lastKnownFileType = wrapper.framework; name = AudioToolbox.framework; path = System/Library/Frameworks/AudioToolbox.framework; sourceTree = SDKROOT; };
		00B784B10FF439BC000DE1D7 /* AudioUnit.framework */ = {isa = PBXFileReference; lastKnownFileType = wrapper.framework; name = AudioUnit.framework; path = System/Library/Frameworks/AudioUnit.framework; sourceTree = SDKROOT; };
		00B784B20FF439BC000DE1D7 /* CoreAudio.framework */ = {isa = PBXFileReference; lastKnownFileType = wrapper.framework; name = CoreAudio.framework; path = System/Library/Frameworks/CoreAudio.framework; sourceTree = SDKROOT; };
		00BAE6590E7ED9C10018A608 /* ForelleVisualAppApp.cpp */ = {isa = PBXFileReference; fileEncoding = 4; lastKnownFileType = sourcecode.cpp.cpp; name = ForelleVisualAppApp.cpp; path = ../src/ForelleVisualAppApp.cpp; sourceTree = SOURCE_ROOT; };
		0D0BA3A914A263FC001B0C7F /* logo.png */ = {isa = PBXFileReference; lastKnownFileType = image.png; path = logo.png; sourceTree = "<group>"; };
		0D4C438614A24F2B00990A78 /* CinderApp.icns */ = {isa = PBXFileReference; lastKnownFileType = image.icns; name = CinderApp.icns; path = ../resources/CinderApp.icns; sourceTree = "<group>"; };
		0D635A45148D7A3500A6C859 /* Syphon.framework */ = {isa = PBXFileReference; lastKnownFileType = wrapper.framework; path = Syphon.framework; sourceTree = "<group>"; };
		0D90A87A148D605700330454 /* Syphon.framework */ = {isa = PBXFileReference; lastKnownFileType = wrapper.framework; path = Syphon.framework; sourceTree = "<group>"; };
		0D90A87B148D605700330454 /* SyphonNameboundClient.h */ = {isa = PBXFileReference; fileEncoding = 4; lastKnownFileType = sourcecode.c.h; path = SyphonNameboundClient.h; sourceTree = "<group>"; };
		0D90A87C148D605700330454 /* SyphonNameboundClient.m */ = {isa = PBXFileReference; fileEncoding = 4; lastKnownFileType = sourcecode.c.objc; path = SyphonNameboundClient.m; sourceTree = "<group>"; };
		0D90A87E148D605700330454 /* cinderSyphon.h */ = {isa = PBXFileReference; fileEncoding = 4; lastKnownFileType = sourcecode.c.h; path = cinderSyphon.h; sourceTree = "<group>"; };
		0D90A87F148D605700330454 /* syphonClient.h */ = {isa = PBXFileReference; fileEncoding = 4; lastKnownFileType = sourcecode.c.h; path = syphonClient.h; sourceTree = "<group>"; };
		0D90A880148D605700330454 /* syphonClient.mm */ = {isa = PBXFileReference; fileEncoding = 4; lastKnownFileType = sourcecode.cpp.objcpp; path = syphonClient.mm; sourceTree = "<group>"; };
		0D90A881148D605700330454 /* syphonServer.h */ = {isa = PBXFileReference; fileEncoding = 4; lastKnownFileType = sourcecode.c.h; path = syphonServer.h; sourceTree = "<group>"; };
		0D90A882148D605700330454 /* syphonServer.mm */ = {isa = PBXFileReference; fileEncoding = 4; lastKnownFileType = sourcecode.cpp.objcpp; path = syphonServer.mm; sourceTree = "<group>"; };
		1058C7A1FEA54F0111CA2CBB /* Cocoa.framework */ = {isa = PBXFileReference; lastKnownFileType = wrapper.framework; name = Cocoa.framework; path = /System/Library/Frameworks/Cocoa.framework; sourceTree = "<absolute>"; };
		13E42FB307B3F0F600E4EEF1 /* CoreData.framework */ = {isa = PBXFileReference; lastKnownFileType = wrapper.framework; name = CoreData.framework; path = /System/Library/Frameworks/CoreData.framework; sourceTree = "<absolute>"; };
		29B97324FDCFA39411CA2CEA /* AppKit.framework */ = {isa = PBXFileReference; lastKnownFileType = wrapper.framework; name = AppKit.framework; path = /System/Library/Frameworks/AppKit.framework; sourceTree = "<absolute>"; };
		29B97325FDCFA39411CA2CEA /* Foundation.framework */ = {isa = PBXFileReference; lastKnownFileType = wrapper.framework; name = Foundation.framework; path = /System/Library/Frameworks/Foundation.framework; sourceTree = "<absolute>"; };
		32CA4F630368D1EE00C91783 /* ForelleVisualApp_Prefix.pch */ = {isa = PBXFileReference; fileEncoding = 4; lastKnownFileType = sourcecode.c.h; path = ForelleVisualApp_Prefix.pch; sourceTree = "<group>"; };
		5323E6B10EAFCA74003A9687 /* CoreVideo.framework */ = {isa = PBXFileReference; lastKnownFileType = wrapper.framework; name = CoreVideo.framework; path = /System/Library/Frameworks/CoreVideo.framework; sourceTree = "<absolute>"; };
		5323E6B50EAFCA7E003A9687 /* QTKit.framework */ = {isa = PBXFileReference; lastKnownFileType = wrapper.framework; name = QTKit.framework; path = /System/Library/Frameworks/QTKit.framework; sourceTree = "<absolute>"; };
		53E3CDFB0E86099300238D2B /* Carbon.framework */ = {isa = PBXFileReference; lastKnownFileType = wrapper.framework; name = Carbon.framework; path = /System/Library/Frameworks/Carbon.framework; sourceTree = "<absolute>"; };
		8D1107310486CEB800E47090 /* Info.plist */ = {isa = PBXFileReference; fileEncoding = 4; lastKnownFileType = text.plist.xml; path = Info.plist; sourceTree = "<group>"; };
		8D1107320486CEB800E47090 /* ForelleVisualApp.app */ = {isa = PBXFileReference; explicitFileType = wrapper.application; includeInIndex = 0; path = ForelleVisualApp.app; sourceTree = BUILT_PRODUCTS_DIR; };
		FF1B06CF148FBCE1004FCAD6 /* ClusterBar.cpp */ = {isa = PBXFileReference; fileEncoding = 4; lastKnownFileType = sourcecode.cpp.cpp; path = ClusterBar.cpp; sourceTree = "<group>"; };
		FF1B06D4148FBD05004FCAD6 /* ClusterBar.h */ = {isa = PBXFileReference; fileEncoding = 4; lastKnownFileType = sourcecode.c.h; name = ClusterBar.h; path = ../Header/ClusterBar.h; sourceTree = "<group>"; };
		FF32AFF914891FF4009FDD2A /* InvalidValueException.cpp */ = {isa = PBXFileReference; fileEncoding = 4; lastKnownFileType = sourcecode.cpp.cpp; path = InvalidValueException.cpp; sourceTree = "<group>"; };
		FF32AFFC1489265A009FDD2A /* InvalidValueException.h */ = {isa = PBXFileReference; fileEncoding = 4; lastKnownFileType = sourcecode.c.h; name = InvalidValueException.h; path = ../Header/InvalidValueException.h; sourceTree = "<group>"; };
		FF32AFFD14893787009FDD2A /* InvalidSourceException.cpp */ = {isa = PBXFileReference; fileEncoding = 4; lastKnownFileType = sourcecode.cpp.cpp; name = InvalidSourceException.cpp; path = ../src/InvalidSourceException.cpp; sourceTree = "<group>"; };
		FF32AFFF14893797009FDD2A /* InvalidSourceException.h */ = {isa = PBXFileReference; fileEncoding = 4; lastKnownFileType = sourcecode.c.h; path = InvalidSourceException.h; sourceTree = "<group>"; };
		FF5E6AAA1487EE84004EC6F0 /* XmlParser.cpp */ = {isa = PBXFileReference; fileEncoding = 4; lastKnownFileType = sourcecode.cpp.cpp; path = XmlParser.cpp; sourceTree = "<group>"; };
		FF5E6AAD1487EEBF004EC6F0 /* XmlParser.h */ = {isa = PBXFileReference; fileEncoding = 4; lastKnownFileType = sourcecode.c.h; name = XmlParser.h; path = ../Header/XmlParser.h; sourceTree = "<group>"; };
		FF66AE361487C43500A47EBC /* LightChannel.h */ = {isa = PBXFileReference; fileEncoding = 4; lastKnownFileType = sourcecode.c.h; name = LightChannel.h; path = ../Header/LightChannel.h; sourceTree = "<group>"; };
		FF66AE371487C5D400A47EBC /* LightChannel.cpp */ = {isa = PBXFileReference; fileEncoding = 4; lastKnownFileType = sourcecode.cpp.cpp; name = LightChannel.cpp; path = ../src/LightChannel.cpp; sourceTree = "<group>"; };
		FF823D78148B9347004EA6BF /* Controller.cpp */ = {isa = PBXFileReference; fileEncoding = 4; lastKnownFileType = sourcecode.cpp.cpp; path = Controller.cpp; sourceTree = "<group>"; };
		FF823D7B148B93C3004EA6BF /* Controller.h */ = {isa = PBXFileReference; fileEncoding = 4; lastKnownFileType = sourcecode.c.h; name = Controller.h; path = ../Header/Controller.h; sourceTree = "<group>"; };
		FFA26C2A148A2E79003798DE /* Resources.h */ = {isa = PBXFileReference; fileEncoding = 4; lastKnownFileType = sourcecode.c.h; path = Resources.h; sourceTree = "<group>"; };
		FFAA12501486A64E00B81814 /* artnet.Plo */ = {isa = PBXFileReference; fileEncoding = 4; lastKnownFileType = text; path = artnet.Plo; sourceTree = "<group>"; };
		FFAA12511486A64E00B81814 /* misc.Plo */ = {isa = PBXFileReference; fileEncoding = 4; lastKnownFileType = text; path = misc.Plo; sourceTree = "<group>"; };
		FFAA12521486A64E00B81814 /* network.Plo */ = {isa = PBXFileReference; fileEncoding = 4; lastKnownFileType = text; path = network.Plo; sourceTree = "<group>"; };
		FFAA12531486A64E00B81814 /* receive.Plo */ = {isa = PBXFileReference; fileEncoding = 4; lastKnownFileType = text; path = receive.Plo; sourceTree = "<group>"; };
		FFAA12541486A64E00B81814 /* tod.Plo */ = {isa = PBXFileReference; fileEncoding = 4; lastKnownFileType = text; path = tod.Plo; sourceTree = "<group>"; };
		FFAA12551486A64E00B81814 /* transmit.Plo */ = {isa = PBXFileReference; fileEncoding = 4; lastKnownFileType = text; path = transmit.Plo; sourceTree = "<group>"; };
		FFAA12561486A64E00B81814 /* artnet.c */ = {isa = PBXFileReference; fileEncoding = 4; lastKnownFileType = sourcecode.c.c; path = artnet.c; sourceTree = "<group>"; };
		FFAA12571486A64E00B81814 /* artnet.h */ = {isa = PBXFileReference; fileEncoding = 4; lastKnownFileType = sourcecode.c.h; path = artnet.h; sourceTree = "<group>"; };
		FFAA12581486A64E00B81814 /* common.h */ = {isa = PBXFileReference; fileEncoding = 4; lastKnownFileType = sourcecode.c.h; path = common.h; sourceTree = "<group>"; };
		FFAA12591486A64E00B81814 /* config.h */ = {isa = PBXFileReference; fileEncoding = 4; lastKnownFileType = sourcecode.c.h; path = config.h; sourceTree = "<group>"; };
		FFAA125A1486A64E00B81814 /* misc.c */ = {isa = PBXFileReference; fileEncoding = 4; lastKnownFileType = sourcecode.c.c; path = misc.c; sourceTree = "<group>"; };
		FFAA125B1486A64E00B81814 /* misc.h */ = {isa = PBXFileReference; fileEncoding = 4; lastKnownFileType = sourcecode.c.h; path = misc.h; sourceTree = "<group>"; };
		FFAA125C1486A64E00B81814 /* network.c */ = {isa = PBXFileReference; fileEncoding = 4; lastKnownFileType = sourcecode.c.c; path = network.c; sourceTree = "<group>"; };
		FFAA125D1486A64E00B81814 /* packets.h */ = {isa = PBXFileReference; fileEncoding = 4; lastKnownFileType = sourcecode.c.h; path = packets.h; sourceTree = "<group>"; };
		FFAA125E1486A64E00B81814 /* private.h */ = {isa = PBXFileReference; fileEncoding = 4; lastKnownFileType = sourcecode.c.h; path = private.h; sourceTree = "<group>"; };
		FFAA125F1486A64E00B81814 /* receive.c */ = {isa = PBXFileReference; fileEncoding = 4; lastKnownFileType = sourcecode.c.c; path = receive.c; sourceTree = "<group>"; };
		FFAA12601486A64E00B81814 /* tod.c */ = {isa = PBXFileReference; fileEncoding = 4; lastKnownFileType = sourcecode.c.c; path = tod.c; sourceTree = "<group>"; };
		FFAA12611486A64E00B81814 /* tod.h */ = {isa = PBXFileReference; fileEncoding = 4; lastKnownFileType = sourcecode.c.h; path = tod.h; sourceTree = "<group>"; };
		FFAA12621486A64E00B81814 /* transmit.c */ = {isa = PBXFileReference; fileEncoding = 4; lastKnownFileType = sourcecode.c.c; path = transmit.c; sourceTree = "<group>"; };
		FFAA12701486A87100B81814 /* CinderArtnet.cpp */ = {isa = PBXFileReference; fileEncoding = 4; lastKnownFileType = sourcecode.cpp.cpp; path = CinderArtnet.cpp; sourceTree = "<group>"; };
		FFAA12721486A87F00B81814 /* CinderArtnet.h */ = {isa = PBXFileReference; fileEncoding = 4; lastKnownFileType = sourcecode.c.h; path = CinderArtnet.h; sourceTree = "<group>"; };
		FFB89F1E14865D500029BF84 /* Cluster.h */ = {isa = PBXFileReference; fileEncoding = 4; lastKnownFileType = sourcecode.c.h; name = Cluster.h; path = ../Header/Cluster.h; sourceTree = "<group>"; };
		FFB89F1F14865D500029BF84 /* Group.h */ = {isa = PBXFileReference; fileEncoding = 4; lastKnownFileType = sourcecode.c.h; name = Group.h; path = ../Header/Group.h; sourceTree = "<group>"; };
		FFB89F2014865D500029BF84 /* Light.h */ = {isa = PBXFileReference; fileEncoding = 4; lastKnownFileType = sourcecode.c.h; name = Light.h; path = ../Header/Light.h; sourceTree = "<group>"; };
		FFB89F2214865D590029BF84 /* Cluster.cpp */ = {isa = PBXFileReference; fileEncoding = 4; lastKnownFileType = sourcecode.cpp.cpp; name = Cluster.cpp; path = ../src/Cluster.cpp; sourceTree = "<group>"; };
		FFB89F2314865D590029BF84 /* Group.cpp */ = {isa = PBXFileReference; fileEncoding = 4; lastKnownFileType = sourcecode.cpp.cpp; name = Group.cpp; path = ../src/Group.cpp; sourceTree = "<group>"; };
		FFB89F2414865D590029BF84 /* Light.cpp */ = {isa = PBXFileReference; fileEncoding = 4; lastKnownFileType = sourcecode.cpp.cpp; name = Light.cpp; path = ../src/Light.cpp; sourceTree = "<group>"; };
		FFE86ACC148FD533007D96F5 /* SClient.h */ = {isa = PBXFileReference; fileEncoding = 4; lastKnownFileType = sourcecode.c.h; name = SClient.h; path = ../Header/SClient.h; sourceTree = "<group>"; };
		FFE86ACE148FDD69007D96F5 /* SClient.cpp */ = {isa = PBXFileReference; fileEncoding = 4; lastKnownFileType = sourcecode.cpp.cpp; name = SClient.cpp; path = ../src/SClient.cpp; sourceTree = "<group>"; };
/* End PBXFileReference section */

/* Begin PBXFrameworksBuildPhase section */
		8D11072E0486CEB800E47090 /* Frameworks */ = {
			isa = PBXFrameworksBuildPhase;
			buildActionMask = 2147483647;
			files = (
				8D11072F0486CEB800E47090 /* Cocoa.framework in Frameworks */,
				0091D8F90E81B9330029341E /* OpenGL.framework in Frameworks */,
				53E3CDFC0E86099300238D2B /* Carbon.framework in Frameworks */,
				5323E6B20EAFCA74003A9687 /* CoreVideo.framework in Frameworks */,
				5323E6B60EAFCA7E003A9687 /* QTKit.framework in Frameworks */,
				0097E3E50F3E9819005A4392 /* QuickTime.framework in Frameworks */,
				00B784B30FF439BC000DE1D7 /* Accelerate.framework in Frameworks */,
				00B784B40FF439BC000DE1D7 /* AudioToolbox.framework in Frameworks */,
				00B784B50FF439BC000DE1D7 /* AudioUnit.framework in Frameworks */,
				00B784B60FF439BC000DE1D7 /* CoreAudio.framework in Frameworks */,
				0D90A883148D605700330454 /* Syphon.framework in Frameworks */,
			);
			runOnlyForDeploymentPostprocessing = 0;
		};
/* End PBXFrameworksBuildPhase section */

/* Begin PBXGroup section */
		080E96DDFE201D6D7F000001 /* Source */ = {
			isa = PBXGroup;
			children = (
				FFB89F2214865D590029BF84 /* Cluster.cpp */,
				FFB89F2314865D590029BF84 /* Group.cpp */,
				FFB89F2414865D590029BF84 /* Light.cpp */,
				00BAE6590E7ED9C10018A608 /* ForelleVisualAppApp.cpp */,
				FF1B06CF148FBCE1004FCAD6 /* ClusterBar.cpp */,
				FFAA12701486A87100B81814 /* CinderArtnet.cpp */,
				FF66AE371487C5D400A47EBC /* LightChannel.cpp */,
				FF5E6AAA1487EE84004EC6F0 /* XmlParser.cpp */,
				FF32AFF914891FF4009FDD2A /* InvalidValueException.cpp */,
				FF32AFFD14893787009FDD2A /* InvalidSourceException.cpp */,
				FF823D78148B9347004EA6BF /* Controller.cpp */,
				FFE86ACE148FDD69007D96F5 /* SClient.cpp */,
			);
			name = Source;
			sourceTree = "<group>";
		};
		0D90A877148D605700330454 /* blocks */ = {
			isa = PBXGroup;
			children = (
				0D90A878148D605700330454 /* Syphon */,
			);
			path = blocks;
			sourceTree = "<group>";
		};
		0D90A878148D605700330454 /* Syphon */ = {
			isa = PBXGroup;
			children = (
				0D90A879148D605700330454 /* lib */,
				0D90A87D148D605700330454 /* src */,
			);
			path = Syphon;
			sourceTree = "<group>";
		};
		0D90A879148D605700330454 /* lib */ = {
			isa = PBXGroup;
			children = (
				0D90A87A148D605700330454 /* Syphon.framework */,
				0D90A87B148D605700330454 /* SyphonNameboundClient.h */,
				0D90A87C148D605700330454 /* SyphonNameboundClient.m */,
			);
			path = lib;
			sourceTree = "<group>";
		};
		0D90A87D148D605700330454 /* src */ = {
			isa = PBXGroup;
			children = (
				0D90A87E148D605700330454 /* cinderSyphon.h */,
				0D90A87F148D605700330454 /* syphonClient.h */,
				0D90A880148D605700330454 /* syphonClient.mm */,
				0D90A881148D605700330454 /* syphonServer.h */,
				0D90A882148D605700330454 /* syphonServer.mm */,
			);
			path = src;
			sourceTree = "<group>";
		};
		1058C7A0FEA54F0111CA2CBB /* Linked Frameworks */ = {
			isa = PBXGroup;
			children = (
				00B784AF0FF439BC000DE1D7 /* Accelerate.framework */,
				00B784B00FF439BC000DE1D7 /* AudioToolbox.framework */,
				00B784B10FF439BC000DE1D7 /* AudioUnit.framework */,
				00B784B20FF439BC000DE1D7 /* CoreAudio.framework */,
				0097E3E40F3E9819005A4392 /* QuickTime.framework */,
				5323E6B50EAFCA7E003A9687 /* QTKit.framework */,
				5323E6B10EAFCA74003A9687 /* CoreVideo.framework */,
				53E3CDFB0E86099300238D2B /* Carbon.framework */,
				0091D8F80E81B9330029341E /* OpenGL.framework */,
				1058C7A1FEA54F0111CA2CBB /* Cocoa.framework */,
			);
			name = "Linked Frameworks";
			sourceTree = "<group>";
		};
		1058C7A2FEA54F0111CA2CBB /* Other Frameworks */ = {
			isa = PBXGroup;
			children = (
				29B97324FDCFA39411CA2CEA /* AppKit.framework */,
				13E42FB307B3F0F600E4EEF1 /* CoreData.framework */,
				29B97325FDCFA39411CA2CEA /* Foundation.framework */,
			);
			name = "Other Frameworks";
			sourceTree = "<group>";
		};
		19C28FACFE9D520D11CA2CBB /* Products */ = {
			isa = PBXGroup;
			children = (
				8D1107320486CEB800E47090 /* ForelleVisualApp.app */,
			);
			name = Products;
			sourceTree = "<group>";
		};
		29B97314FDCFA39411CA2CEA /* ForelleVisualApp */ = {
			isa = PBXGroup;
			children = (
				0D635A45148D7A3500A6C859 /* Syphon.framework */,
				0D90A877148D605700330454 /* blocks */,
				FFAA124E1486A64E00B81814 /* artnet */,
				29B97315FDCFA39411CA2CEA /* Headers */,
				080E96DDFE201D6D7F000001 /* Source */,
				29B97317FDCFA39411CA2CEA /* Resources */,
				29B97323FDCFA39411CA2CEA /* Frameworks */,
				19C28FACFE9D520D11CA2CBB /* Products */,
			);
			name = ForelleVisualApp;
			sourceTree = "<group>";
		};
		29B97315FDCFA39411CA2CEA /* Headers */ = {
			isa = PBXGroup;
			children = (
				FFB89F1E14865D500029BF84 /* Cluster.h */,
				FFB89F1F14865D500029BF84 /* Group.h */,
				FFB89F2014865D500029BF84 /* Light.h */,
				32CA4F630368D1EE00C91783 /* ForelleVisualApp_Prefix.pch */,
				FFAA12721486A87F00B81814 /* CinderArtnet.h */,
				FF66AE361487C43500A47EBC /* LightChannel.h */,
				FF5E6AAD1487EEBF004EC6F0 /* XmlParser.h */,
				FF32AFFC1489265A009FDD2A /* InvalidValueException.h */,
				FF32AFFF14893797009FDD2A /* InvalidSourceException.h */,
				FF823D7B148B93C3004EA6BF /* Controller.h */,
				FF1B06D4148FBD05004FCAD6 /* ClusterBar.h */,
				FFE86ACC148FD533007D96F5 /* SClient.h */,
			);
			name = Headers;
			sourceTree = "<group>";
		};
		29B97317FDCFA39411CA2CEA /* Resources */ = {
			isa = PBXGroup;
			children = (
				0D0BA3A914A263FC001B0C7F /* logo.png */,
				0D4C438614A24F2B00990A78 /* CinderApp.icns */,
				FFA26C2A148A2E79003798DE /* Resources.h */,
				8D1107310486CEB800E47090 /* Info.plist */,
			);
			name = Resources;
			sourceTree = "<group>";
		};
		29B97323FDCFA39411CA2CEA /* Frameworks */ = {
			isa = PBXGroup;
			children = (
				1058C7A0FEA54F0111CA2CBB /* Linked Frameworks */,
				1058C7A2FEA54F0111CA2CBB /* Other Frameworks */,
			);
			name = Frameworks;
			sourceTree = "<group>";
		};
		FFAA124E1486A64E00B81814 /* artnet */ = {
			isa = PBXGroup;
			children = (
				FFAA124F1486A64E00B81814 /* .deps */,
				FFAA12561486A64E00B81814 /* artnet.c */,
				FFAA12571486A64E00B81814 /* artnet.h */,
				FFAA12581486A64E00B81814 /* common.h */,
				FFAA12591486A64E00B81814 /* config.h */,
				FFAA125A1486A64E00B81814 /* misc.c */,
				FFAA125B1486A64E00B81814 /* misc.h */,
				FFAA125C1486A64E00B81814 /* network.c */,
				FFAA125D1486A64E00B81814 /* packets.h */,
				FFAA125E1486A64E00B81814 /* private.h */,
				FFAA125F1486A64E00B81814 /* receive.c */,
				FFAA12601486A64E00B81814 /* tod.c */,
				FFAA12611486A64E00B81814 /* tod.h */,
				FFAA12621486A64E00B81814 /* transmit.c */,
			);
			path = artnet;
			sourceTree = "<group>";
		};
		FFAA124F1486A64E00B81814 /* .deps */ = {
			isa = PBXGroup;
			children = (
				FFAA12501486A64E00B81814 /* artnet.Plo */,
				FFAA12511486A64E00B81814 /* misc.Plo */,
				FFAA12521486A64E00B81814 /* network.Plo */,
				FFAA12531486A64E00B81814 /* receive.Plo */,
				FFAA12541486A64E00B81814 /* tod.Plo */,
				FFAA12551486A64E00B81814 /* transmit.Plo */,
			);
			path = .deps;
			sourceTree = "<group>";
		};
/* End PBXGroup section */

/* Begin PBXNativeTarget section */
		8D1107260486CEB800E47090 /* ForelleVisualApp */ = {
			isa = PBXNativeTarget;
			buildConfigurationList = C01FCF4A08A954540054247B /* Build configuration list for PBXNativeTarget "ForelleVisualApp" */;
			buildPhases = (
				8D1107290486CEB800E47090 /* Resources */,
				8D11072C0486CEB800E47090 /* Sources */,
				8D11072E0486CEB800E47090 /* Frameworks */,
				FFA59090148BF1A500BAE87B /* CopyFiles */,
			);
			buildRules = (
			);
			dependencies = (
			);
			name = ForelleVisualApp;
			productInstallPath = "$(HOME)/Applications";
			productName = ForelleVisualApp;
			productReference = 8D1107320486CEB800E47090 /* ForelleVisualApp.app */;
			productType = "com.apple.product-type.application";
		};
/* End PBXNativeTarget section */

/* Begin PBXProject section */
		29B97313FDCFA39411CA2CEA /* Project object */ = {
			isa = PBXProject;
			attributes = {
				LastUpgradeCheck = 0420;
			};
			buildConfigurationList = C01FCF4E08A954540054247B /* Build configuration list for PBXProject "ForelleVisualApp" */;
			compatibilityVersion = "Xcode 3.2";
			developmentRegion = English;
			hasScannedForEncodings = 1;
			knownRegions = (
				en,
				English,
			);
			mainGroup = 29B97314FDCFA39411CA2CEA /* ForelleVisualApp */;
			projectDirPath = "";
			projectRoot = "";
			targets = (
				8D1107260486CEB800E47090 /* ForelleVisualApp */,
			);
		};
/* End PBXProject section */

/* Begin PBXResourcesBuildPhase section */
		8D1107290486CEB800E47090 /* Resources */ = {
			isa = PBXResourcesBuildPhase;
			buildActionMask = 2147483647;
			files = (
				FFAA12631486A64E00B81814 /* artnet.Plo in Resources */,
				FFAA12641486A64E00B81814 /* misc.Plo in Resources */,
				FFAA12651486A64E00B81814 /* network.Plo in Resources */,
				FFAA12661486A64E00B81814 /* receive.Plo in Resources */,
				FFAA12671486A64E00B81814 /* tod.Plo in Resources */,
				FFAA12681486A64E00B81814 /* transmit.Plo in Resources */,
				0D4C438714A24F2B00990A78 /* CinderApp.icns in Resources */,
				0D0BA3AA14A263FC001B0C7F /* logo.png in Resources */,
			);
			runOnlyForDeploymentPostprocessing = 0;
		};
/* End PBXResourcesBuildPhase section */

/* Begin PBXSourcesBuildPhase section */
		8D11072C0486CEB800E47090 /* Sources */ = {
			isa = PBXSourcesBuildPhase;
			buildActionMask = 2147483647;
			files = (
				00BAE65A0E7ED9C10018A608 /* ForelleVisualAppApp.cpp in Sources */,
				FFB89F2514865D590029BF84 /* Cluster.cpp in Sources */,
				FFB89F2614865D590029BF84 /* Group.cpp in Sources */,
				FFB89F2714865D590029BF84 /* Light.cpp in Sources */,
				FFAA12691486A64E00B81814 /* artnet.c in Sources */,
				FFAA126A1486A64E00B81814 /* misc.c in Sources */,
				FFAA126B1486A64E00B81814 /* network.c in Sources */,
				FFAA126C1486A64E00B81814 /* receive.c in Sources */,
				FFAA126D1486A64E00B81814 /* tod.c in Sources */,
				FFAA126E1486A64E00B81814 /* transmit.c in Sources */,
				FFAA12711486A87100B81814 /* CinderArtnet.cpp in Sources */,
				FF66AE381487C5D400A47EBC /* LightChannel.cpp in Sources */,
				FF5E6AAB1487EE84004EC6F0 /* XmlParser.cpp in Sources */,
				FF32AFFA14891FF4009FDD2A /* InvalidValueException.cpp in Sources */,
				FF32AFFE14893787009FDD2A /* InvalidSourceException.cpp in Sources */,
				FF823D79148B9347004EA6BF /* Controller.cpp in Sources */,
				0D90A884148D605700330454 /* SyphonNameboundClient.m in Sources */,
				0D90A885148D605700330454 /* syphonClient.mm in Sources */,
				0D90A886148D605700330454 /* syphonServer.mm in Sources */,
				FF1B06D0148FBCE1004FCAD6 /* ClusterBar.cpp in Sources */,
				FFE86ACF148FDD69007D96F5 /* SClient.cpp in Sources */,
			);
			runOnlyForDeploymentPostprocessing = 0;
		};
/* End PBXSourcesBuildPhase section */

/* Begin XCBuildConfiguration section */
		C01FCF4B08A954540054247B /* Debug */ = {
			isa = XCBuildConfiguration;
			buildSettings = {
				CINDER_PATH = /Developer/cinder;
				COPY_PHASE_STRIP = NO;
				FRAMEWORK_SEARCH_PATHS = (
					"$(inherited)",
					"\"$(SRCROOT)/../../../../../syphon-implementations-read-only/Syphon Implementations/Cinder/ciSyphon/blocks/Syphon/lib\"",
				);
				GCC_DYNAMIC_NO_PIC = NO;
				GCC_INLINES_ARE_PRIVATE_EXTERN = YES;
				GCC_MODEL_TUNING = G5;
				GCC_OPTIMIZATION_LEVEL = 0;
				GCC_PRECOMPILE_PREFIX_HEADER = YES;
				GCC_PREFIX_HEADER = ForelleVisualApp_Prefix.pch;
				GCC_SYMBOLS_PRIVATE_EXTERN = NO;
				HEADER_SEARCH_PATHS = (
					"\"$(CINDER_PATH)/artnet\"/**",
					"\"$(CINDER_PATH)/boost\"",
				);
				INFOPLIST_FILE = Info.plist;
				INSTALL_PATH = "$(HOME)/Applications";
				OTHER_LDFLAGS = "\"$(CINDER_PATH)/lib/libcinder_d.a\"";
				PRODUCT_NAME = ForelleVisualApp;
				WRAPPER_EXTENSION = app;
			};
			name = Debug;
		};
		C01FCF4C08A954540054247B /* Release */ = {
			isa = XCBuildConfiguration;
			buildSettings = {
				CINDER_PATH = /Developer/cinder;
				DEAD_CODE_STRIPPING = YES;
				DEBUG_INFORMATION_FORMAT = "dwarf-with-dsym";
				FRAMEWORK_SEARCH_PATHS = (
					"$(inherited)",
					"\"$(SRCROOT)/../../../../../syphon-implementations-read-only/Syphon Implementations/Cinder/ciSyphon/blocks/Syphon/lib\"",
				);
				GCC_FAST_MATH = YES;
				GCC_GENERATE_DEBUGGING_SYMBOLS = NO;
				GCC_INLINES_ARE_PRIVATE_EXTERN = YES;
				GCC_MODEL_TUNING = G5;
				GCC_OPTIMIZATION_LEVEL = 3;
				GCC_PRECOMPILE_PREFIX_HEADER = YES;
				GCC_PREFIX_HEADER = ForelleVisualApp_Prefix.pch;
				GCC_SYMBOLS_PRIVATE_EXTERN = NO;
				HEADER_SEARCH_PATHS = (
					"\"$(CINDER_PATH)/artnet\"/**",
					"\"$(CINDER_PATH)/boost\"",
				);
				INFOPLIST_FILE = Info.plist;
				INSTALL_PATH = "$(HOME)/Applications";
				OTHER_LDFLAGS = "\"$(CINDER_PATH)/lib/libcinder.a\"";
				PRODUCT_NAME = ForelleVisualApp;
				STRIP_INSTALLED_PRODUCT = YES;
				WRAPPER_EXTENSION = app;
			};
			name = Release;
		};
		C01FCF4F08A954540054247B /* Debug */ = {
			isa = XCBuildConfiguration;
			buildSettings = {
				ALWAYS_SEARCH_USER_PATHS = NO;
				ARCHS = i386;
				CINDER_PATH = /Developer/cinder;
				GCC_PREPROCESSOR_DEFINITIONS = (
					DEBUG,
					HAVE_CONFIG_H,
				);
				GCC_VERSION = "";
				GCC_WARN_ABOUT_MISSING_FIELD_INITIALIZERS = NO;
				GCC_WARN_ABOUT_MISSING_PROTOTYPES = NO;
				GCC_WARN_ABOUT_RETURN_TYPE = YES;
				GCC_WARN_PEDANTIC = NO;
				GCC_WARN_UNKNOWN_PRAGMAS = NO;
				GCC_WARN_UNUSED_PARAMETER = NO;
				GCC_WARN_UNUSED_VARIABLE = YES;
				HEADER_SEARCH_PATHS = "\"$(CINDER_PATH)/boost\"";
				MACOSX_DEPLOYMENT_TARGET = 10.5;
				SDKROOT = macosx10.7;
				USER_HEADER_SEARCH_PATHS = "\"$(CINDER_PATH)/artnet\" \"$(CINDER_PATH)/include\" ../include";
			};
			name = Debug;
		};
		C01FCF5008A954540054247B /* Release */ = {
			isa = XCBuildConfiguration;
			buildSettings = {
				ALWAYS_SEARCH_USER_PATHS = NO;
				ARCHS = i386;
				CINDER_PATH = /Developer/cinder;
				GCC_PREPROCESSOR_DEFINITIONS = HAVE_CONFIG_H;
				GCC_VERSION = "";
				GCC_WARN_ABOUT_MISSING_FIELD_INITIALIZERS = NO;
				GCC_WARN_ABOUT_MISSING_PROTOTYPES = NO;
				GCC_WARN_ABOUT_RETURN_TYPE = YES;
				GCC_WARN_PEDANTIC = NO;
				GCC_WARN_UNKNOWN_PRAGMAS = NO;
				GCC_WARN_UNUSED_PARAMETER = NO;
				GCC_WARN_UNUSED_VARIABLE = YES;
				HEADER_SEARCH_PATHS = "\"$(CINDER_PATH)/boost\"";
				MACOSX_DEPLOYMENT_TARGET = 10.5;
				SDKROOT = macosx10.7;
				USER_HEADER_SEARCH_PATHS = "\"$(CINDER_PATH)/artnet\" \"$(CINDER_PATH)/include\" ../include";
			};
			name = Release;
		};
/* End XCBuildConfiguration section */

/* Begin XCConfigurationList section */
		C01FCF4A08A954540054247B /* Build configuration list for PBXNativeTarget "ForelleVisualApp" */ = {
			isa = XCConfigurationList;
			buildConfigurations = (
				C01FCF4B08A954540054247B /* Debug */,
				C01FCF4C08A954540054247B /* Release */,
			);
			defaultConfigurationIsVisible = 0;
			defaultConfigurationName = Release;
		};
		C01FCF4E08A954540054247B /* Build configuration list for PBXProject "ForelleVisualApp" */ = {
			isa = XCConfigurationList;
			buildConfigurations = (
				C01FCF4F08A954540054247B /* Debug */,
				C01FCF5008A954540054247B /* Release */,
			);
			defaultConfigurationIsVisible = 0;
			defaultConfigurationName = Release;
		};
/* End XCConfigurationList section */
	};
	rootObject = 29B97313FDCFA39411CA2CEA /* Project object */;
}
